# libretro-database commit and SHA-256 of each DAT; build verifies them
commit fbeefcb46c2e1b20a7e2945f34a694a41b2d6f90
853ffc356c664d72ca6c17a8382a2d8dd533dfd8a7e4644b1438ec6979e621e1  Nintendo - Nintendo Entertainment System
175c69cc8b50dc60c84828ad570e581a7c03602518776540733636235aa0ff8a  Nintendo - Super Nintendo Entertainment System
eb20ef6164e86eee57b049a5f45bac21cb36a40e5edab26c44db19e4ec47ac8b  Nintendo - Nintendo 64
6fa0187a63666d9cdf5af9bb50baeca392f9f2195bcb2371e56c0a00e62989de  Nintendo - Game Boy
f884fb411b10cee473f5e5cd0aff7e3b485d1f19dc40d893b5c2d0a6d52d6a7e  Nintendo - Game Boy Color
90188f6e4e481cb2be98eda6271844b7f56813575497bebaaeddf7b76a6353db  Nintendo - Game Boy Advance
f2ded9c3194b2e33f02ace388df9eef1ba8fc1b3130a8149613800e7c514dc4b  Nintendo - Nintendo DS
e3b55ed553828a6d5b3666bce98f2588212aa4189ea0dc6249ded2e488b42914  Nintendo - Nintendo 3DS
d858f1ddffbc82eda9d7295fb790d1e87d156dc10385a02a2c343c01cafde349  Sega - Mega Drive - Genesis
